{
  "requires": true,
  "lockfileVersion": 1,
  "dependencies": {
    "zr-palindrome": {
      "version": "0.1.0",
      "resolved": "https://registry.npmjs.org/zr-palindrome/-/zr-palindrome-0.1.0.tgz",
      "integrity": "sha512-Pcd5RWING4cDLAuXq+Go4kaiyo6h7Zn0xa3iNOCdVMtQptgLjh71ncCjuADQyxxK7ra/DSzHTUbcT4SMx8Ewmw=="
    }
  }
}
